// !$*UTF8*$!
{
	archiveVersion = 1;
	classes = {
	};
	objectVersion = 56;
	objects = {

/* Begin PBXBuildFile section */
		592170082A9D46710043ED9A /* JoinSheet.swift in Sources */ = {isa = PBXBuildFile; fileRef = 592170072A9D46710043ED9A /* JoinSheet.swift */; };
		5921700A2A9D5E270043ED9A /* Ranking.swift in Sources */ = {isa = PBXBuildFile; fileRef = 592170092A9D5E270043ED9A /* Ranking.swift */; };
		593E11722A8AAF730012B15F /* SessionManager.swift in Sources */ = {isa = PBXBuildFile; fileRef = 593E11712A8AAF730012B15F /* SessionManager.swift */; };
		595C61B82A8B6FF5003A0E04 /* NewSession.swift in Sources */ = {isa = PBXBuildFile; fileRef = 595C61B72A8B6FF5003A0E04 /* NewSession.swift */; };
		5971B8482A85013900145866 /* SignInAppleHelper.swift in Sources */ = {isa = PBXBuildFile; fileRef = 5971B8472A85013900145866 /* SignInAppleHelper.swift */; };
		598247182A8E742100184327 /* EditSessionView.swift in Sources */ = {isa = PBXBuildFile; fileRef = 598247172A8E742100184327 /* EditSessionView.swift */; };
		59A8AEBD2A8BC03A00A85460 /* SessionsView.swift in Sources */ = {isa = PBXBuildFile; fileRef = 59A8AEBC2A8BC03A00A85460 /* SessionsView.swift */; };
		59A8AEBF2A8BD15B00A85460 /* SessionCell.swift in Sources */ = {isa = PBXBuildFile; fileRef = 59A8AEBE2A8BD15B00A85460 /* SessionCell.swift */; };
		59AA47912A84078100927483 /* GoogleSignIn in Frameworks */ = {isa = PBXBuildFile; productRef = 59AA47902A84078100927483 /* GoogleSignIn */; };
		59AA47932A84078100927483 /* GoogleSignInSwift in Frameworks */ = {isa = PBXBuildFile; productRef = 59AA47922A84078100927483 /* GoogleSignInSwift */; };
		59AA47972A840B1100927483 /* Utilities.swift in Sources */ = {isa = PBXBuildFile; fileRef = 59AA47962A840B1100927483 /* Utilities.swift */; };
		59AA47992A8413BE00927483 /* SignInGoogleHelper.swift in Sources */ = {isa = PBXBuildFile; fileRef = 59AA47982A8413BE00927483 /* SignInGoogleHelper.swift */; };
		59AAC6BC2A93AD270081349F /* MatchManager.swift in Sources */ = {isa = PBXBuildFile; fileRef = 59AAC6BB2A93AD270081349F /* MatchManager.swift */; };
		59C046DD2A825D3900E5D071 /* GoogleService-Info.plist in Resources */ = {isa = PBXBuildFile; fileRef = 59C046DC2A825D3900E5D071 /* GoogleService-Info.plist */; };
		59C046E02A825E1500E5D071 /* FirebaseAnalytics in Frameworks */ = {isa = PBXBuildFile; productRef = 59C046DF2A825E1500E5D071 /* FirebaseAnalytics */; };
		59C046E22A825E1500E5D071 /* FirebaseAnalyticsSwift in Frameworks */ = {isa = PBXBuildFile; productRef = 59C046E12A825E1500E5D071 /* FirebaseAnalyticsSwift */; };
		59C046E52A82627E00E5D071 /* FirebaseAuth in Frameworks */ = {isa = PBXBuildFile; productRef = 59C046E42A82627E00E5D071 /* FirebaseAuth */; };
		59C046E82A82630800E5D071 /* AuthenticationView.swift in Sources */ = {isa = PBXBuildFile; fileRef = 59C046E72A82630800E5D071 /* AuthenticationView.swift */; };
		59C046EA2A82646C00E5D071 /* SignInEmailView.swift in Sources */ = {isa = PBXBuildFile; fileRef = 59C046E92A82646C00E5D071 /* SignInEmailView.swift */; };
		59C046EC2A82677900E5D071 /* AuthenticationManager.swift in Sources */ = {isa = PBXBuildFile; fileRef = 59C046EB2A82677900E5D071 /* AuthenticationManager.swift */; };
		59C046EE2A8277F700E5D071 /* SettingsView.swift in Sources */ = {isa = PBXBuildFile; fileRef = 59C046ED2A8277F700E5D071 /* SettingsView.swift */; };
		59C1BBD82A87984400D3558C /* FirebaseFirestore in Frameworks */ = {isa = PBXBuildFile; productRef = 59C1BBD72A87984400D3558C /* FirebaseFirestore */; };
		59C1BBDA2A87984400D3558C /* FirebaseFirestoreSwift in Frameworks */ = {isa = PBXBuildFile; productRef = 59C1BBD92A87984400D3558C /* FirebaseFirestoreSwift */; };
		59C1BBDF2A87996C00D3558C /* SettingsViewModel.swift in Sources */ = {isa = PBXBuildFile; fileRef = 59C1BBDE2A87996C00D3558C /* SettingsViewModel.swift */; };
		59C1BBE22A8799E500D3558C /* AuthenticationViewModel.swift in Sources */ = {isa = PBXBuildFile; fileRef = 59C1BBE12A8799E500D3558C /* AuthenticationViewModel.swift */; };
		59C1BBE52A879A3E00D3558C /* SignInEmailViewModel.swift in Sources */ = {isa = PBXBuildFile; fileRef = 59C1BBE42A879A3E00D3558C /* SignInEmailViewModel.swift */; };
		59C1BBE92A87A01800D3558C /* UserManager.swift in Sources */ = {isa = PBXBuildFile; fileRef = 59C1BBE82A87A01800D3558C /* UserManager.swift */; };
		59D693B12A5874DF008364A7 /* ProfileView.swift in Sources */ = {isa = PBXBuildFile; fileRef = 59D693B02A5874DF008364A7 /* ProfileView.swift */; };
		59D693B32A58770D008364A7 /* AppLogo.swift in Sources */ = {isa = PBXBuildFile; fileRef = 59D693B22A58770D008364A7 /* AppLogo.swift */; };
		59D7879A2A8F696600C659AA /* SessionView.swift in Sources */ = {isa = PBXBuildFile; fileRef = 59D787992A8F696600C659AA /* SessionView.swift */; };
		59E723C02A4CC4B000236085 /* PachangaApp.swift in Sources */ = {isa = PBXBuildFile; fileRef = 59E723BF2A4CC4B000236085 /* PachangaApp.swift */; };
		59E723C22A4CC4B000236085 /* MainView.swift in Sources */ = {isa = PBXBuildFile; fileRef = 59E723C12A4CC4B000236085 /* MainView.swift */; };
		59E723C42A4CC4B100236085 /* Assets.xcassets in Resources */ = {isa = PBXBuildFile; fileRef = 59E723C32A4CC4B100236085 /* Assets.xcassets */; };
		59E723C72A4CC4B100236085 /* Preview Assets.xcassets in Resources */ = {isa = PBXBuildFile; fileRef = 59E723C62A4CC4B100236085 /* Preview Assets.xcassets */; };
		59EA01532A9E354C0049642B /* NewMatch.swift in Sources */ = {isa = PBXBuildFile; fileRef = 59EA01522A9E354C0049642B /* NewMatch.swift */; };
		6636FC7C2A9FA2190029E9A5 /* MatchCell.swift in Sources */ = {isa = PBXBuildFile; fileRef = 6636FC7B2A9FA2190029E9A5 /* MatchCell.swift */; };
/* End PBXBuildFile section */

/* Begin PBXFileReference section */
		592170072A9D46710043ED9A /* JoinSheet.swift */ = {isa = PBXFileReference; lastKnownFileType = sourcecode.swift; path = JoinSheet.swift; sourceTree = "<group>"; };
		592170092A9D5E270043ED9A /* Ranking.swift */ = {isa = PBXFileReference; lastKnownFileType = sourcecode.swift; path = Ranking.swift; sourceTree = "<group>"; };
		593E11712A8AAF730012B15F /* SessionManager.swift */ = {isa = PBXFileReference; lastKnownFileType = sourcecode.swift; path = SessionManager.swift; sourceTree = "<group>"; };
		595C61B72A8B6FF5003A0E04 /* NewSession.swift */ = {isa = PBXFileReference; lastKnownFileType = sourcecode.swift; path = NewSession.swift; sourceTree = "<group>"; };
		5971B8462A84F4EF00145866 /* Pachanga.entitlements */ = {isa = PBXFileReference; lastKnownFileType = text.plist.entitlements; path = Pachanga.entitlements; sourceTree = "<group>"; };
		5971B8472A85013900145866 /* SignInAppleHelper.swift */ = {isa = PBXFileReference; lastKnownFileType = sourcecode.swift; path = SignInAppleHelper.swift; sourceTree = "<group>"; };
		598247172A8E742100184327 /* EditSessionView.swift */ = {isa = PBXFileReference; lastKnownFileType = sourcecode.swift; path = EditSessionView.swift; sourceTree = "<group>"; };
		59A8AEBC2A8BC03A00A85460 /* SessionsView.swift */ = {isa = PBXFileReference; lastKnownFileType = sourcecode.swift; path = SessionsView.swift; sourceTree = "<group>"; };
		59A8AEBE2A8BD15B00A85460 /* SessionCell.swift */ = {isa = PBXFileReference; lastKnownFileType = sourcecode.swift; path = SessionCell.swift; sourceTree = "<group>"; };
		59AA47942A8407CB00927483 /* Info.plist */ = {isa = PBXFileReference; lastKnownFileType = text.plist; path = Info.plist; sourceTree = "<group>"; };
		59AA47962A840B1100927483 /* Utilities.swift */ = {isa = PBXFileReference; lastKnownFileType = sourcecode.swift; path = Utilities.swift; sourceTree = "<group>"; };
		59AA47982A8413BE00927483 /* SignInGoogleHelper.swift */ = {isa = PBXFileReference; lastKnownFileType = sourcecode.swift; path = SignInGoogleHelper.swift; sourceTree = "<group>"; };
		59AAC6BB2A93AD270081349F /* MatchManager.swift */ = {isa = PBXFileReference; lastKnownFileType = sourcecode.swift; path = MatchManager.swift; sourceTree = "<group>"; };
		59C046DC2A825D3900E5D071 /* GoogleService-Info.plist */ = {isa = PBXFileReference; fileEncoding = 4; lastKnownFileType = text.plist.xml; path = "GoogleService-Info.plist"; sourceTree = "<group>"; };
		59C046E72A82630800E5D071 /* AuthenticationView.swift */ = {isa = PBXFileReference; lastKnownFileType = sourcecode.swift; path = AuthenticationView.swift; sourceTree = "<group>"; };
		59C046E92A82646C00E5D071 /* SignInEmailView.swift */ = {isa = PBXFileReference; lastKnownFileType = sourcecode.swift; path = SignInEmailView.swift; sourceTree = "<group>"; };
		59C046EB2A82677900E5D071 /* AuthenticationManager.swift */ = {isa = PBXFileReference; lastKnownFileType = sourcecode.swift; path = AuthenticationManager.swift; sourceTree = "<group>"; };
		59C046ED2A8277F700E5D071 /* SettingsView.swift */ = {isa = PBXFileReference; lastKnownFileType = sourcecode.swift; path = SettingsView.swift; sourceTree = "<group>"; };
		59C1BBDE2A87996C00D3558C /* SettingsViewModel.swift */ = {isa = PBXFileReference; lastKnownFileType = sourcecode.swift; path = SettingsViewModel.swift; sourceTree = "<group>"; };
		59C1BBE12A8799E500D3558C /* AuthenticationViewModel.swift */ = {isa = PBXFileReference; lastKnownFileType = sourcecode.swift; path = AuthenticationViewModel.swift; sourceTree = "<group>"; };
		59C1BBE42A879A3E00D3558C /* SignInEmailViewModel.swift */ = {isa = PBXFileReference; lastKnownFileType = sourcecode.swift; path = SignInEmailViewModel.swift; sourceTree = "<group>"; };
		59C1BBE82A87A01800D3558C /* UserManager.swift */ = {isa = PBXFileReference; lastKnownFileType = sourcecode.swift; path = UserManager.swift; sourceTree = "<group>"; };
		59D693B02A5874DF008364A7 /* ProfileView.swift */ = {isa = PBXFileReference; lastKnownFileType = sourcecode.swift; path = ProfileView.swift; sourceTree = "<group>"; };
		59D693B22A58770D008364A7 /* AppLogo.swift */ = {isa = PBXFileReference; lastKnownFileType = sourcecode.swift; path = AppLogo.swift; sourceTree = "<group>"; };
		59D787992A8F696600C659AA /* SessionView.swift */ = {isa = PBXFileReference; lastKnownFileType = sourcecode.swift; path = SessionView.swift; sourceTree = "<group>"; };
		59E723BC2A4CC4B000236085 /* Pachanga.app */ = {isa = PBXFileReference; explicitFileType = wrapper.application; includeInIndex = 0; path = Pachanga.app; sourceTree = BUILT_PRODUCTS_DIR; };
		59E723BF2A4CC4B000236085 /* PachangaApp.swift */ = {isa = PBXFileReference; lastKnownFileType = sourcecode.swift; path = PachangaApp.swift; sourceTree = "<group>"; };
		59E723C12A4CC4B000236085 /* MainView.swift */ = {isa = PBXFileReference; lastKnownFileType = sourcecode.swift; path = MainView.swift; sourceTree = "<group>"; };
		59E723C32A4CC4B100236085 /* Assets.xcassets */ = {isa = PBXFileReference; lastKnownFileType = folder.assetcatalog; path = Assets.xcassets; sourceTree = "<group>"; };
		59E723C62A4CC4B100236085 /* Preview Assets.xcassets */ = {isa = PBXFileReference; lastKnownFileType = folder.assetcatalog; path = "Preview Assets.xcassets"; sourceTree = "<group>"; };
		59EA01522A9E354C0049642B /* NewMatch.swift */ = {isa = PBXFileReference; lastKnownFileType = sourcecode.swift; path = NewMatch.swift; sourceTree = "<group>"; };
		6636FC7B2A9FA2190029E9A5 /* MatchCell.swift */ = {isa = PBXFileReference; fileEncoding = 4; lastKnownFileType = sourcecode.swift; path = MatchCell.swift; sourceTree = "<group>"; };
/* End PBXFileReference section */

/* Begin PBXFrameworksBuildPhase section */
		59E723B92A4CC4B000236085 /* Frameworks */ = {
			isa = PBXFrameworksBuildPhase;
			buildActionMask = 2147483647;
			files = (
				59AA47932A84078100927483 /* GoogleSignInSwift in Frameworks */,
				59C046E22A825E1500E5D071 /* FirebaseAnalyticsSwift in Frameworks */,
				59AA47912A84078100927483 /* GoogleSignIn in Frameworks */,
				59C1BBDA2A87984400D3558C /* FirebaseFirestoreSwift in Frameworks */,
				59C046E52A82627E00E5D071 /* FirebaseAuth in Frameworks */,
				59C046E02A825E1500E5D071 /* FirebaseAnalytics in Frameworks */,
				59C1BBD82A87984400D3558C /* FirebaseFirestore in Frameworks */,
			);
			runOnlyForDeploymentPostprocessing = 0;
		};
/* End PBXFrameworksBuildPhase section */

/* Begin PBXGroup section */
		595C61B62A8B6FC1003A0E04 /* Sessions */ = {
			isa = PBXGroup;
			children = (
				595C61B72A8B6FF5003A0E04 /* NewSession.swift */,
				59A8AEBC2A8BC03A00A85460 /* SessionsView.swift */,
				59D787992A8F696600C659AA /* SessionView.swift */,
				592170072A9D46710043ED9A /* JoinSheet.swift */,
				598247172A8E742100184327 /* EditSessionView.swift */,
			);
			path = Sessions;
			sourceTree = "<group>";
		};
		59AA47952A840B0000927483 /* Utilities */ = {
			isa = PBXGroup;
			children = (
				59AA47962A840B1100927483 /* Utilities.swift */,
			);
			path = Utilities;
			sourceTree = "<group>";
		};
		59AAC6BA2A93ACFF0081349F /* Matches */ = {
			isa = PBXGroup;
			children = (
				59EA01522A9E354C0049642B /* NewMatch.swift */,
			);
			path = Matches;
			sourceTree = "<group>";
		};
		59C046E32A82627E00E5D071 /* Frameworks */ = {
			isa = PBXGroup;
			children = (
			);
			name = Frameworks;
			sourceTree = "<group>";
		};
		59C046E62A8262DD00E5D071 /* Authentication */ = {
			isa = PBXGroup;
			children = (
				59C046EB2A82677900E5D071 /* AuthenticationManager.swift */,
				59AA47982A8413BE00927483 /* SignInGoogleHelper.swift */,
				5971B8472A85013900145866 /* SignInAppleHelper.swift */,
			);
			path = Authentication;
			sourceTree = "<group>";
		};
		59C1BBDB2A8798CD00D3558C /* Core */ = {
			isa = PBXGroup;
			children = (
				59E723C12A4CC4B000236085 /* MainView.swift */,
				59C1BBE02A8799C500D3558C /* Authentication */,
				59C1BBE72A87A00100D3558C /* Firestore */,
				59C1BBE62A879A9300D3558C /* Profile */,
				595C61B62A8B6FC1003A0E04 /* Sessions */,
				592170092A9D5E270043ED9A /* Ranking.swift */,
				59AAC6BA2A93ACFF0081349F /* Matches */,
				59C1BBDD2A87995400D3558C /* Settings */,
				59C1BBDC2A8798F700D3558C /* Components */,
			);
			path = Core;
			sourceTree = "<group>";
		};
		59C1BBDC2A8798F700D3558C /* Components */ = {
			isa = PBXGroup;
			children = (
				59D693B22A58770D008364A7 /* AppLogo.swift */,
				59A8AEBE2A8BD15B00A85460 /* SessionCell.swift */,
				6636FC7B2A9FA2190029E9A5 /* MatchCell.swift */,
			);
			path = Components;
			sourceTree = "<group>";
		};
		59C1BBDD2A87995400D3558C /* Settings */ = {
			isa = PBXGroup;
			children = (
				59C046ED2A8277F700E5D071 /* SettingsView.swift */,
				59C1BBDE2A87996C00D3558C /* SettingsViewModel.swift */,
			);
			path = Settings;
			sourceTree = "<group>";
		};
		59C1BBE02A8799C500D3558C /* Authentication */ = {
			isa = PBXGroup;
			children = (
				59C046E72A82630800E5D071 /* AuthenticationView.swift */,
				59C1BBE12A8799E500D3558C /* AuthenticationViewModel.swift */,
				59C1BBE32A879A1400D3558C /* Subviews */,
			);
			path = Authentication;
			sourceTree = "<group>";
		};
		59C1BBE32A879A1400D3558C /* Subviews */ = {
			isa = PBXGroup;
			children = (
				59C046E92A82646C00E5D071 /* SignInEmailView.swift */,
				59C1BBE42A879A3E00D3558C /* SignInEmailViewModel.swift */,
			);
			path = Subviews;
			sourceTree = "<group>";
		};
		59C1BBE62A879A9300D3558C /* Profile */ = {
			isa = PBXGroup;
			children = (
				59D693B02A5874DF008364A7 /* ProfileView.swift */,
			);
			path = Profile;
			sourceTree = "<group>";
		};
		59C1BBE72A87A00100D3558C /* Firestore */ = {
			isa = PBXGroup;
			children = (
				59C1BBE82A87A01800D3558C /* UserManager.swift */,
				593E11712A8AAF730012B15F /* SessionManager.swift */,
				59AAC6BB2A93AD270081349F /* MatchManager.swift */,
			);
			path = Firestore;
			sourceTree = "<group>";
		};
		59E723B32A4CC4B000236085 = {
			isa = PBXGroup;
			children = (
				59E723BE2A4CC4B000236085 /* Pachanga */,
				59E723BD2A4CC4B000236085 /* Products */,
				59C046E32A82627E00E5D071 /* Frameworks */,
			);
			sourceTree = "<group>";
		};
		59E723BD2A4CC4B000236085 /* Products */ = {
			isa = PBXGroup;
			children = (
				59E723BC2A4CC4B000236085 /* Pachanga.app */,
			);
			name = Products;
			sourceTree = "<group>";
		};
		59E723BE2A4CC4B000236085 /* Pachanga */ = {
			isa = PBXGroup;
			children = (
				59E723BF2A4CC4B000236085 /* PachangaApp.swift */,
				59C1BBDB2A8798CD00D3558C /* Core */,
				59AA47952A840B0000927483 /* Utilities */,
				59C046E62A8262DD00E5D071 /* Authentication */,
				59E723C32A4CC4B100236085 /* Assets.xcassets */,
				5971B8462A84F4EF00145866 /* Pachanga.entitlements */,
				59AA47942A8407CB00927483 /* Info.plist */,
				59C046DC2A825D3900E5D071 /* GoogleService-Info.plist */,
				59E723C52A4CC4B100236085 /* Preview Content */,
			);
			path = Pachanga;
			sourceTree = "<group>";
		};
		59E723C52A4CC4B100236085 /* Preview Content */ = {
			isa = PBXGroup;
			children = (
				59E723C62A4CC4B100236085 /* Preview Assets.xcassets */,
			);
			path = "Preview Content";
			sourceTree = "<group>";
		};
/* End PBXGroup section */

/* Begin PBXNativeTarget section */
		59E723BB2A4CC4B000236085 /* Pachanga */ = {
			isa = PBXNativeTarget;
			buildConfigurationList = 59E723CA2A4CC4B100236085 /* Build configuration list for PBXNativeTarget "Pachanga" */;
			buildPhases = (
				59E723B82A4CC4B000236085 /* Sources */,
				59E723B92A4CC4B000236085 /* Frameworks */,
				59E723BA2A4CC4B000236085 /* Resources */,
			);
			buildRules = (
			);
			dependencies = (
			);
			name = Pachanga;
			packageProductDependencies = (
				59C046DF2A825E1500E5D071 /* FirebaseAnalytics */,
				59C046E12A825E1500E5D071 /* FirebaseAnalyticsSwift */,
				59C046E42A82627E00E5D071 /* FirebaseAuth */,
				59AA47902A84078100927483 /* GoogleSignIn */,
				59AA47922A84078100927483 /* GoogleSignInSwift */,
				59C1BBD72A87984400D3558C /* FirebaseFirestore */,
				59C1BBD92A87984400D3558C /* FirebaseFirestoreSwift */,
			);
			productName = Pachanga;
			productReference = 59E723BC2A4CC4B000236085 /* Pachanga.app */;
			productType = "com.apple.product-type.application";
		};
/* End PBXNativeTarget section */

/* Begin PBXProject section */
		59E723B42A4CC4B000236085 /* Project object */ = {
			isa = PBXProject;
			attributes = {
				BuildIndependentTargetsInParallel = 1;
				LastSwiftUpdateCheck = 1430;
				LastUpgradeCheck = 1430;
				TargetAttributes = {
					59E723BB2A4CC4B000236085 = {
						CreatedOnToolsVersion = 14.3.1;
					};
				};
			};
			buildConfigurationList = 59E723B72A4CC4B000236085 /* Build configuration list for PBXProject "Pachanga" */;
			compatibilityVersion = "Xcode 14.0";
			developmentRegion = en;
			hasScannedForEncodings = 0;
			knownRegions = (
				en,
				Base,
			);
			mainGroup = 59E723B32A4CC4B000236085;
			packageReferences = (
				59C046DE2A825E1500E5D071 /* XCRemoteSwiftPackageReference "firebase-ios-sdk" */,
				59AA478F2A84078100927483 /* XCRemoteSwiftPackageReference "GoogleSignIn-iOS" */,
			);
			productRefGroup = 59E723BD2A4CC4B000236085 /* Products */;
			projectDirPath = "";
			projectRoot = "";
			targets = (
				59E723BB2A4CC4B000236085 /* Pachanga */,
			);
		};
/* End PBXProject section */

/* Begin PBXResourcesBuildPhase section */
		59E723BA2A4CC4B000236085 /* Resources */ = {
			isa = PBXResourcesBuildPhase;
			buildActionMask = 2147483647;
			files = (
				59E723C72A4CC4B100236085 /* Preview Assets.xcassets in Resources */,
				59E723C42A4CC4B100236085 /* Assets.xcassets in Resources */,
				59C046DD2A825D3900E5D071 /* GoogleService-Info.plist in Resources */,
			);
			runOnlyForDeploymentPostprocessing = 0;
		};
/* End PBXResourcesBuildPhase section */

/* Begin PBXSourcesBuildPhase section */
		59E723B82A4CC4B000236085 /* Sources */ = {
			isa = PBXSourcesBuildPhase;
			buildActionMask = 2147483647;
			files = (
				59C1BBDF2A87996C00D3558C /* SettingsViewModel.swift in Sources */,
				59AA47992A8413BE00927483 /* SignInGoogleHelper.swift in Sources */,
				59C046EC2A82677900E5D071 /* AuthenticationManager.swift in Sources */,
				59AAC6BC2A93AD270081349F /* MatchManager.swift in Sources */,
				592170082A9D46710043ED9A /* JoinSheet.swift in Sources */,
				6636FC7C2A9FA2190029E9A5 /* MatchCell.swift in Sources */,
				59D693B12A5874DF008364A7 /* ProfileView.swift in Sources */,
				59D693B32A58770D008364A7 /* AppLogo.swift in Sources */,
				59E723C22A4CC4B000236085 /* MainView.swift in Sources */,
				593E11722A8AAF730012B15F /* SessionManager.swift in Sources */,
				59D7879A2A8F696600C659AA /* SessionView.swift in Sources */,
				5921700A2A9D5E270043ED9A /* Ranking.swift in Sources */,
				59C1BBE22A8799E500D3558C /* AuthenticationViewModel.swift in Sources */,
				59E723C02A4CC4B000236085 /* PachangaApp.swift in Sources */,
				598247182A8E742100184327 /* EditSessionView.swift in Sources */,
				59C1BBE92A87A01800D3558C /* UserManager.swift in Sources */,
				595C61B82A8B6FF5003A0E04 /* NewSession.swift in Sources */,
				59C046EA2A82646C00E5D071 /* SignInEmailView.swift in Sources */,
				59C046E82A82630800E5D071 /* AuthenticationView.swift in Sources */,
				59A8AEBD2A8BC03A00A85460 /* SessionsView.swift in Sources */,
				59AA47972A840B1100927483 /* Utilities.swift in Sources */,
				5971B8482A85013900145866 /* SignInAppleHelper.swift in Sources */,
				59C046EE2A8277F700E5D071 /* SettingsView.swift in Sources */,
				59A8AEBF2A8BD15B00A85460 /* SessionCell.swift in Sources */,
				59C1BBE52A879A3E00D3558C /* SignInEmailViewModel.swift in Sources */,
				59EA01532A9E354C0049642B /* NewMatch.swift in Sources */,
			);
			runOnlyForDeploymentPostprocessing = 0;
		};
/* End PBXSourcesBuildPhase section */

/* Begin XCBuildConfiguration section */
		59E723C82A4CC4B100236085 /* Debug */ = {
			isa = XCBuildConfiguration;
			buildSettings = {
				ALWAYS_SEARCH_USER_PATHS = NO;
				CLANG_ANALYZER_NONNULL = YES;
				CLANG_ANALYZER_NUMBER_OBJECT_CONVERSION = YES_AGGRESSIVE;
				CLANG_CXX_LANGUAGE_STANDARD = "gnu++20";
				CLANG_ENABLE_MODULES = YES;
				CLANG_ENABLE_OBJC_ARC = YES;
				CLANG_ENABLE_OBJC_WEAK = YES;
				CLANG_WARN_BLOCK_CAPTURE_AUTORELEASING = YES;
				CLANG_WARN_BOOL_CONVERSION = YES;
				CLANG_WARN_COMMA = YES;
				CLANG_WARN_CONSTANT_CONVERSION = YES;
				CLANG_WARN_DEPRECATED_OBJC_IMPLEMENTATIONS = YES;
				CLANG_WARN_DIRECT_OBJC_ISA_USAGE = YES_ERROR;
				CLANG_WARN_DOCUMENTATION_COMMENTS = YES;
				CLANG_WARN_EMPTY_BODY = YES;
				CLANG_WARN_ENUM_CONVERSION = YES;
				CLANG_WARN_INFINITE_RECURSION = YES;
				CLANG_WARN_INT_CONVERSION = YES;
				CLANG_WARN_NON_LITERAL_NULL_CONVERSION = YES;
				CLANG_WARN_OBJC_IMPLICIT_RETAIN_SELF = YES;
				CLANG_WARN_OBJC_LITERAL_CONVERSION = YES;
				CLANG_WARN_OBJC_ROOT_CLASS = YES_ERROR;
				CLANG_WARN_QUOTED_INCLUDE_IN_FRAMEWORK_HEADER = YES;
				CLANG_WARN_RANGE_LOOP_ANALYSIS = YES;
				CLANG_WARN_STRICT_PROTOTYPES = YES;
				CLANG_WARN_SUSPICIOUS_MOVE = YES;
				CLANG_WARN_UNGUARDED_AVAILABILITY = YES_AGGRESSIVE;
				CLANG_WARN_UNREACHABLE_CODE = YES;
				CLANG_WARN__DUPLICATE_METHOD_MATCH = YES;
				COPY_PHASE_STRIP = NO;
				DEBUG_INFORMATION_FORMAT = dwarf;
				ENABLE_STRICT_OBJC_MSGSEND = YES;
				ENABLE_TESTABILITY = YES;
				GCC_C_LANGUAGE_STANDARD = gnu11;
				GCC_DYNAMIC_NO_PIC = NO;
				GCC_NO_COMMON_BLOCKS = YES;
				GCC_OPTIMIZATION_LEVEL = 0;
				GCC_PREPROCESSOR_DEFINITIONS = (
					"DEBUG=1",
					"$(inherited)",
				);
				GCC_WARN_64_TO_32_BIT_CONVERSION = YES;
				GCC_WARN_ABOUT_RETURN_TYPE = YES_ERROR;
				GCC_WARN_UNDECLARED_SELECTOR = YES;
				GCC_WARN_UNINITIALIZED_AUTOS = YES_AGGRESSIVE;
				GCC_WARN_UNUSED_FUNCTION = YES;
				GCC_WARN_UNUSED_VARIABLE = YES;
				IPHONEOS_DEPLOYMENT_TARGET = 16.4;
				MTL_ENABLE_DEBUG_INFO = INCLUDE_SOURCE;
				MTL_FAST_MATH = YES;
				ONLY_ACTIVE_ARCH = YES;
				SDKROOT = iphoneos;
				SWIFT_ACTIVE_COMPILATION_CONDITIONS = DEBUG;
				SWIFT_OPTIMIZATION_LEVEL = "-Onone";
			};
			name = Debug;
		};
		59E723C92A4CC4B100236085 /* Release */ = {
			isa = XCBuildConfiguration;
			buildSettings = {
				ALWAYS_SEARCH_USER_PATHS = NO;
				CLANG_ANALYZER_NONNULL = YES;
				CLANG_ANALYZER_NUMBER_OBJECT_CONVERSION = YES_AGGRESSIVE;
				CLANG_CXX_LANGUAGE_STANDARD = "gnu++20";
				CLANG_ENABLE_MODULES = YES;
				CLANG_ENABLE_OBJC_ARC = YES;
				CLANG_ENABLE_OBJC_WEAK = YES;
				CLANG_WARN_BLOCK_CAPTURE_AUTORELEASING = YES;
				CLANG_WARN_BOOL_CONVERSION = YES;
				CLANG_WARN_COMMA = YES;
				CLANG_WARN_CONSTANT_CONVERSION = YES;
				CLANG_WARN_DEPRECATED_OBJC_IMPLEMENTATIONS = YES;
				CLANG_WARN_DIRECT_OBJC_ISA_USAGE = YES_ERROR;
				CLANG_WARN_DOCUMENTATION_COMMENTS = YES;
				CLANG_WARN_EMPTY_BODY = YES;
				CLANG_WARN_ENUM_CONVERSION = YES;
				CLANG_WARN_INFINITE_RECURSION = YES;
				CLANG_WARN_INT_CONVERSION = YES;
				CLANG_WARN_NON_LITERAL_NULL_CONVERSION = YES;
				CLANG_WARN_OBJC_IMPLICIT_RETAIN_SELF = YES;
				CLANG_WARN_OBJC_LITERAL_CONVERSION = YES;
				CLANG_WARN_OBJC_ROOT_CLASS = YES_ERROR;
				CLANG_WARN_QUOTED_INCLUDE_IN_FRAMEWORK_HEADER = YES;
				CLANG_WARN_RANGE_LOOP_ANALYSIS = YES;
				CLANG_WARN_STRICT_PROTOTYPES = YES;
				CLANG_WARN_SUSPICIOUS_MOVE = YES;
				CLANG_WARN_UNGUARDED_AVAILABILITY = YES_AGGRESSIVE;
				CLANG_WARN_UNREACHABLE_CODE = YES;
				CLANG_WARN__DUPLICATE_METHOD_MATCH = YES;
				COPY_PHASE_STRIP = NO;
				DEBUG_INFORMATION_FORMAT = "dwarf-with-dsym";
				ENABLE_NS_ASSERTIONS = NO;
				ENABLE_STRICT_OBJC_MSGSEND = YES;
				GCC_C_LANGUAGE_STANDARD = gnu11;
				GCC_NO_COMMON_BLOCKS = YES;
				GCC_WARN_64_TO_32_BIT_CONVERSION = YES;
				GCC_WARN_ABOUT_RETURN_TYPE = YES_ERROR;
				GCC_WARN_UNDECLARED_SELECTOR = YES;
				GCC_WARN_UNINITIALIZED_AUTOS = YES_AGGRESSIVE;
				GCC_WARN_UNUSED_FUNCTION = YES;
				GCC_WARN_UNUSED_VARIABLE = YES;
				IPHONEOS_DEPLOYMENT_TARGET = 16.4;
				MTL_ENABLE_DEBUG_INFO = NO;
				MTL_FAST_MATH = YES;
				SDKROOT = iphoneos;
				SWIFT_COMPILATION_MODE = wholemodule;
				SWIFT_OPTIMIZATION_LEVEL = "-O";
				VALIDATE_PRODUCT = YES;
			};
			name = Release;
		};
		59E723CB2A4CC4B100236085 /* Debug */ = {
			isa = XCBuildConfiguration;
			buildSettings = {
				ASSETCATALOG_COMPILER_APPICON_NAME = AppIcon;
				ASSETCATALOG_COMPILER_GLOBAL_ACCENT_COLOR_NAME = AccentColor;
				CODE_SIGN_ENTITLEMENTS = Pachanga/Pachanga.entitlements;
				CODE_SIGN_STYLE = Automatic;
				CURRENT_PROJECT_VERSION = 1;
				DEVELOPMENT_ASSET_PATHS = "\"Pachanga/Preview Content\"";
				DEVELOPMENT_TEAM = DY25DQJBPP;
				ENABLE_PREVIEWS = YES;
				GENERATE_INFOPLIST_FILE = YES;
				INFOPLIST_FILE = Pachanga/Info.plist;
				INFOPLIST_KEY_UIApplicationSceneManifest_Generation = YES;
				INFOPLIST_KEY_UIApplicationSupportsIndirectInputEvents = YES;
				INFOPLIST_KEY_UILaunchScreen_Generation = YES;
				INFOPLIST_KEY_UISupportedInterfaceOrientations_iPad = "UIInterfaceOrientationPortrait UIInterfaceOrientationPortraitUpsideDown UIInterfaceOrientationLandscapeLeft UIInterfaceOrientationLandscapeRight";
				INFOPLIST_KEY_UISupportedInterfaceOrientations_iPhone = "UIInterfaceOrientationPortrait UIInterfaceOrientationLandscapeLeft UIInterfaceOrientationLandscapeRight";
				LD_RUNPATH_SEARCH_PATHS = (
					"$(inherited)",
					"@executable_path/Frameworks",
				);
				MARKETING_VERSION = 1.0;
				PRODUCT_BUNDLE_IDENTIFIER = javieralaves.Pachanga;
				PRODUCT_NAME = "$(TARGET_NAME)";
				SWIFT_EMIT_LOC_STRINGS = YES;
				SWIFT_VERSION = 5.0;
				TARGETED_DEVICE_FAMILY = "1,2";
			};
			name = Debug;
		};
		59E723CC2A4CC4B100236085 /* Release */ = {
			isa = XCBuildConfiguration;
			buildSettings = {
				ASSETCATALOG_COMPILER_APPICON_NAME = AppIcon;
				ASSETCATALOG_COMPILER_GLOBAL_ACCENT_COLOR_NAME = AccentColor;
				CODE_SIGN_ENTITLEMENTS = Pachanga/Pachanga.entitlements;
				CODE_SIGN_STYLE = Automatic;
				CURRENT_PROJECT_VERSION = 1;
				DEVELOPMENT_ASSET_PATHS = "\"Pachanga/Preview Content\"";
				DEVELOPMENT_TEAM = DY25DQJBPP;
				ENABLE_PREVIEWS = YES;
				GENERATE_INFOPLIST_FILE = YES;
				INFOPLIST_FILE = Pachanga/Info.plist;
				INFOPLIST_KEY_UIApplicationSceneManifest_Generation = YES;
				INFOPLIST_KEY_UIApplicationSupportsIndirectInputEvents = YES;
				INFOPLIST_KEY_UILaunchScreen_Generation = YES;
				INFOPLIST_KEY_UISupportedInterfaceOrientations_iPad = "UIInterfaceOrientationPortrait UIInterfaceOrientationPortraitUpsideDown UIInterfaceOrientationLandscapeLeft UIInterfaceOrientationLandscapeRight";
				INFOPLIST_KEY_UISupportedInterfaceOrientations_iPhone = "UIInterfaceOrientationPortrait UIInterfaceOrientationLandscapeLeft UIInterfaceOrientationLandscapeRight";
				LD_RUNPATH_SEARCH_PATHS = (
					"$(inherited)",
					"@executable_path/Frameworks",
				);
				MARKETING_VERSION = 1.0;
				PRODUCT_BUNDLE_IDENTIFIER = javieralaves.Pachanga;
				PRODUCT_NAME = "$(TARGET_NAME)";
				SWIFT_EMIT_LOC_STRINGS = YES;
				SWIFT_VERSION = 5.0;
				TARGETED_DEVICE_FAMILY = "1,2";
			};
			name = Release;
		};
/* End XCBuildConfiguration section */

/* Begin XCConfigurationList section */
		59E723B72A4CC4B000236085 /* Build configuration list for PBXProject "Pachanga" */ = {
			isa = XCConfigurationList;
			buildConfigurations = (
				59E723C82A4CC4B100236085 /* Debug */,
				59E723C92A4CC4B100236085 /* Release */,
			);
			defaultConfigurationIsVisible = 0;
			defaultConfigurationName = Release;
		};
		59E723CA2A4CC4B100236085 /* Build configuration list for PBXNativeTarget "Pachanga" */ = {
			isa = XCConfigurationList;
			buildConfigurations = (
				59E723CB2A4CC4B100236085 /* Debug */,
				59E723CC2A4CC4B100236085 /* Release */,
			);
			defaultConfigurationIsVisible = 0;
			defaultConfigurationName = Release;
		};
/* End XCConfigurationList section */

/* Begin XCRemoteSwiftPackageReference section */
		59AA478F2A84078100927483 /* XCRemoteSwiftPackageReference "GoogleSignIn-iOS" */ = {
			isa = XCRemoteSwiftPackageReference;
			repositoryURL = "https://github.com/google/GoogleSignIn-iOS.git";
			requirement = {
				kind = upToNextMajorVersion;
				minimumVersion = 7.0.0;
			};
		};
		59C046DE2A825E1500E5D071 /* XCRemoteSwiftPackageReference "firebase-ios-sdk" */ = {
			isa = XCRemoteSwiftPackageReference;
			repositoryURL = "https://github.com/firebase/firebase-ios-sdk";
			requirement = {
				kind = exactVersion;
				version = 10.13.0;
			};
		};
/* End XCRemoteSwiftPackageReference section */

/* Begin XCSwiftPackageProductDependency section */
		59AA47902A84078100927483 /* GoogleSignIn */ = {
			isa = XCSwiftPackageProductDependency;
			package = 59AA478F2A84078100927483 /* XCRemoteSwiftPackageReference "GoogleSignIn-iOS" */;
			productName = GoogleSignIn;
		};
		59AA47922A84078100927483 /* GoogleSignInSwift */ = {
			isa = XCSwiftPackageProductDependency;
			package = 59AA478F2A84078100927483 /* XCRemoteSwiftPackageReference "GoogleSignIn-iOS" */;
			productName = GoogleSignInSwift;
		};
		59C046DF2A825E1500E5D071 /* FirebaseAnalytics */ = {
			isa = XCSwiftPackageProductDependency;
			package = 59C046DE2A825E1500E5D071 /* XCRemoteSwiftPackageReference "firebase-ios-sdk" */;
			productName = FirebaseAnalytics;
		};
		59C046E12A825E1500E5D071 /* FirebaseAnalyticsSwift */ = {
			isa = XCSwiftPackageProductDependency;
			package = 59C046DE2A825E1500E5D071 /* XCRemoteSwiftPackageReference "firebase-ios-sdk" */;
			productName = FirebaseAnalyticsSwift;
		};
		59C046E42A82627E00E5D071 /* FirebaseAuth */ = {
			isa = XCSwiftPackageProductDependency;
			package = 59C046DE2A825E1500E5D071 /* XCRemoteSwiftPackageReference "firebase-ios-sdk" */;
			productName = FirebaseAuth;
		};
		59C1BBD72A87984400D3558C /* FirebaseFirestore */ = {
			isa = XCSwiftPackageProductDependency;
			package = 59C046DE2A825E1500E5D071 /* XCRemoteSwiftPackageReference "firebase-ios-sdk" */;
			productName = FirebaseFirestore;
		};
		59C1BBD92A87984400D3558C /* FirebaseFirestoreSwift */ = {
			isa = XCSwiftPackageProductDependency;
			package = 59C046DE2A825E1500E5D071 /* XCRemoteSwiftPackageReference "firebase-ios-sdk" */;
			productName = FirebaseFirestoreSwift;
		};
/* End XCSwiftPackageProductDependency section */
	};
	rootObject = 59E723B42A4CC4B000236085 /* Project object */;
}
